
Microsoft Visual Studio Solution File, Format Version 12.00
# Visual Studio Version 16
VisualStudioVersion = 16.0.31410.357
MinimumVisualStudioVersion = 10.0.40219.1
Project("{FAE04EC0-301F-11D3-BF4B-00C04F79EFBC}") = "Deepin", "Deepin\Deepin.csproj", "{76A0124A-FEC6-49BC-981C-86807EF0C161}"
EndProject
Project("{FAE04EC0-301F-11D3-BF4B-00C04F79EFBC}") = "Deepin.Collections", "Deepin.Collections\Deepin.Collections.csproj", "{A3984A1C-3452-4CB6-A189-BBADB1F6B01D}"
EndProject
Global
	GlobalSection(SolutionConfigurationPlatforms) = preSolution
		Debug|Any CPU = Debug|Any CPU
		Release|Any CPU = Release|Any CPU
	EndGlobalSection
	GlobalSection(ProjectConfigurationPlatforms) = postSolution
		{76A0124A-FEC6-49BC-981C-86807EF0C161}.Debug|Any CPU.ActiveCfg = Debug|Any CPU
		{76A0124A-FEC6-49BC-981C-86807EF0C161}.Debug|Any CPU.Build.0 = Debug|Any CPU
		{76A0124A-FEC6-49BC-981C-86807EF0C161}.Release|Any CPU.ActiveCfg = Release|Any CPU
		{76A0124A-FEC6-49BC-981C-86807EF0C161}.Release|Any CPU.Build.0 = Release|Any CPU
		{A3984A1C-3452-4CB6-A189-BBADB1F6B01D}.Debug|Any CPU.ActiveCfg = Debug|Any CPU
		{A3984A1C-3452-4CB6-A189-BBADB1F6B01D}.Debug|Any CPU.Build.0 = Debug|Any CPU
		{A3984A1C-3452-4CB6-A189-BBADB1F6B01D}.Release|Any CPU.ActiveCfg = Release|Any CPU
		{A3984A1C-3452-4CB6-A189-BBADB1F6B01D}.Release|Any CPU.Build.0 = Release|Any CPU
	EndGlobalSection
	GlobalSection(SolutionProperties) = preSolution
		HideSolutionNode = FALSE
	EndGlobalSection
	GlobalSection(ExtensibilityGlobals) = postSolution
		SolutionGuid = {FA387A6B-E085-4D57-8CA1-D2A7AF4FE577}
	EndGlobalSection
EndGlobal
